// !$*UTF8*$!
{
	archiveVersion = 1;
	classes = {
	};
	objectVersion = 46;
	objects = {

/* Begin PBXBuildFile section */
		BE0C374718729F1700027D37 /* Foundation.framework in Frameworks */ = {isa = PBXBuildFile; fileRef = BE0C374618729F1700027D37 /* Foundation.framework */; };
		BE0C374918729F1700027D37 /* CoreGraphics.framework in Frameworks */ = {isa = PBXBuildFile; fileRef = BE0C374818729F1700027D37 /* CoreGraphics.framework */; };
		BE0C374B18729F1700027D37 /* UIKit.framework in Frameworks */ = {isa = PBXBuildFile; fileRef = BE0C374A18729F1700027D37 /* UIKit.framework */; };
		BE0C375118729F1700027D37 /* InfoPlist.strings in Resources */ = {isa = PBXBuildFile; fileRef = BE0C374F18729F1700027D37 /* InfoPlist.strings */; };
		BE0C375318729F1700027D37 /* main.m in Sources */ = {isa = PBXBuildFile; fileRef = BE0C375218729F1700027D37 /* main.m */; };
		BE0C375718729F1700027D37 /* AppDelegate.m in Sources */ = {isa = PBXBuildFile; fileRef = BE0C375618729F1700027D37 /* AppDelegate.m */; };
		BE0C375918729F1700027D37 /* Images.xcassets in Resources */ = {isa = PBXBuildFile; fileRef = BE0C375818729F1700027D37 /* Images.xcassets */; };
		BE0C376018729F1800027D37 /* XCTest.framework in Frameworks */ = {isa = PBXBuildFile; fileRef = BE0C375F18729F1800027D37 /* XCTest.framework */; };
		BE0C376118729F1800027D37 /* Foundation.framework in Frameworks */ = {isa = PBXBuildFile; fileRef = BE0C374618729F1700027D37 /* Foundation.framework */; };
		BE0C376218729F1800027D37 /* UIKit.framework in Frameworks */ = {isa = PBXBuildFile; fileRef = BE0C374A18729F1700027D37 /* UIKit.framework */; };
		BE0C376A18729F1800027D37 /* InfoPlist.strings in Resources */ = {isa = PBXBuildFile; fileRef = BE0C376818729F1800027D37 /* InfoPlist.strings */; };
		BE0C376C18729F1800027D37 /* BmobSDKTestTests.m in Sources */ = {isa = PBXBuildFile; fileRef = BE0C376B18729F1800027D37 /* BmobSDKTestTests.m */; };
		BE0C377618729F4400027D37 /* libz.dylib in Frameworks */ = {isa = PBXBuildFile; fileRef = BE0C377518729F4400027D37 /* libz.dylib */; };
		BE0C377818729F4D00027D37 /* SystemConfiguration.framework in Frameworks */ = {isa = PBXBuildFile; fileRef = BE0C377718729F4D00027D37 /* SystemConfiguration.framework */; };
		BE0C377A18729F5400027D37 /* CoreTelephony.framework in Frameworks */ = {isa = PBXBuildFile; fileRef = BE0C377918729F5400027D37 /* CoreTelephony.framework */; };
		BE0C377C18729F5B00027D37 /* CFNetwork.framework in Frameworks */ = {isa = PBXBuildFile; fileRef = BE0C377B18729F5A00027D37 /* CFNetwork.framework */; };
		BE0C377E18729F6500027D37 /* MobileCoreServices.framework in Frameworks */ = {isa = PBXBuildFile; fileRef = BE0C377D18729F6500027D37 /* MobileCoreServices.framework */; };
		BE0C378018729F6C00027D37 /* Security.framework in Frameworks */ = {isa = PBXBuildFile; fileRef = BE0C377F18729F6C00027D37 /* Security.framework */; };
		BE0C378218729F7300027D37 /* CoreLocation.framework in Frameworks */ = {isa = PBXBuildFile; fileRef = BE0C378118729F7300027D37 /* CoreLocation.framework */; };
		BE0C379318729FB400027D37 /* CreateTableViewController.m in Sources */ = {isa = PBXBuildFile; fileRef = BE0C378418729FB400027D37 /* CreateTableViewController.m */; };
		BE0C379418729FB400027D37 /* DeleteViewController.m in Sources */ = {isa = PBXBuildFile; fileRef = BE0C378618729FB400027D37 /* DeleteViewController.m */; };
		BE0C379518729FB400027D37 /* LoginViewController.m in Sources */ = {isa = PBXBuildFile; fileRef = BE0C378818729FB400027D37 /* LoginViewController.m */; };
		BE0C379618729FB400027D37 /* MainViewController.m in Sources */ = {isa = PBXBuildFile; fileRef = BE0C378A18729FB400027D37 /* MainViewController.m */; };
		BE0C379718729FB400027D37 /* MBProgressHUD.m in Sources */ = {isa = PBXBuildFile; fileRef = BE0C378C18729FB400027D37 /* MBProgressHUD.m */; };
		BE0C379818729FB400027D37 /* QueryViewController.m in Sources */ = {isa = PBXBuildFile; fileRef = BE0C378E18729FB400027D37 /* QueryViewController.m */; };
		BE0C379918729FB400027D37 /* SignUpViewController.m in Sources */ = {isa = PBXBuildFile; fileRef = BE0C379018729FB400027D37 /* SignUpViewController.m */; };
		BE0C379A18729FB400027D37 /* UpdateViewController.m in Sources */ = {isa = PBXBuildFile; fileRef = BE0C379218729FB400027D37 /* UpdateViewController.m */; };
		BE0C37A01872A0B900027D37 /* MyBtn.m in Sources */ = {isa = PBXBuildFile; fileRef = BE0C379F1872A0B900027D37 /* MyBtn.m */; };
		BE8954DB1910A035008F0BAB /* PushViewController.m in Sources */ = {isa = PBXBuildFile; fileRef = BE8954DA1910A035008F0BAB /* PushViewController.m */; };
		BE8954DD1910DA3B008F0BAB /* BmobSDK.framework in Frameworks */ = {isa = PBXBuildFile; fileRef = BE8954DC1910DA3B008F0BAB /* BmobSDK.framework */; };
		BE99E24918EE85530094FEF0 /* cs.txt in Resources */ = {isa = PBXBuildFile; fileRef = BE99E24818EE85530094FEF0 /* cs.txt */; };
/* End PBXBuildFile section */

/* Begin PBXContainerItemProxy section */
		BE0C376318729F1800027D37 /* PBXContainerItemProxy */ = {
			isa = PBXContainerItemProxy;
			containerPortal = BE0C373B18729F1700027D37 /* Project object */;
			proxyType = 1;
			remoteGlobalIDString = BE0C374218729F1700027D37;
			remoteInfo = BmobSDKTest;
		};
/* End PBXContainerItemProxy section */

/* Begin PBXFileReference section */
		BE0C374318729F1700027D37 /* BmobSDKTest.app */ = {isa = PBXFileReference; explicitFileType = wrapper.application; includeInIndex = 0; path = BmobSDKTest.app; sourceTree = BUILT_PRODUCTS_DIR; };
		BE0C374618729F1700027D37 /* Foundation.framework */ = {isa = PBXFileReference; lastKnownFileType = wrapper.framework; name = Foundation.framework; path = System/Library/Frameworks/Foundation.framework; sourceTree = SDKROOT; };
		BE0C374818729F1700027D37 /* CoreGraphics.framework */ = {isa = PBXFileReference; lastKnownFileType = wrapper.framework; name = CoreGraphics.framework; path = System/Library/Frameworks/CoreGraphics.framework; sourceTree = SDKROOT; };
		BE0C374A18729F1700027D37 /* UIKit.framework */ = {isa = PBXFileReference; lastKnownFileType = wrapper.framework; name = UIKit.framework; path = System/Library/Frameworks/UIKit.framework; sourceTree = SDKROOT; };
		BE0C374E18729F1700027D37 /* BmobSDKTest-Info.plist */ = {isa = PBXFileReference; lastKnownFileType = text.plist.xml; path = "BmobSDKTest-Info.plist"; sourceTree = "<group>"; };
		BE0C375018729F1700027D37 /* en */ = {isa = PBXFileReference; lastKnownFileType = text.plist.strings; name = en; path = en.lproj/InfoPlist.strings; sourceTree = "<group>"; };
		BE0C375218729F1700027D37 /* main.m */ = {isa = PBXFileReference; lastKnownFileType = sourcecode.c.objc; path = main.m; sourceTree = "<group>"; };
		BE0C375418729F1700027D37 /* BmobSDKTest-Prefix.pch */ = {isa = PBXFileReference; lastKnownFileType = sourcecode.c.h; path = "BmobSDKTest-Prefix.pch"; sourceTree = "<group>"; };
		BE0C375518729F1700027D37 /* AppDelegate.h */ = {isa = PBXFileReference; lastKnownFileType = sourcecode.c.h; path = AppDelegate.h; sourceTree = "<group>"; };
		BE0C375618729F1700027D37 /* AppDelegate.m */ = {isa = PBXFileReference; lastKnownFileType = sourcecode.c.objc; path = AppDelegate.m; sourceTree = "<group>"; };
		BE0C375818729F1700027D37 /* Images.xcassets */ = {isa = PBXFileReference; lastKnownFileType = folder.assetcatalog; path = Images.xcassets; sourceTree = "<group>"; };
		BE0C375E18729F1800027D37 /* BmobSDKTestTests.xctest */ = {isa = PBXFileReference; explicitFileType = wrapper.cfbundle; includeInIndex = 0; path = BmobSDKTestTests.xctest; sourceTree = BUILT_PRODUCTS_DIR; };
		BE0C375F18729F1800027D37 /* XCTest.framework */ = {isa = PBXFileReference; lastKnownFileType = wrapper.framework; name = XCTest.framework; path = Library/Frameworks/XCTest.framework; sourceTree = DEVELOPER_DIR; };
		BE0C376718729F1800027D37 /* BmobSDKTestTests-Info.plist */ = {isa = PBXFileReference; lastKnownFileType = text.plist.xml; path = "BmobSDKTestTests-Info.plist"; sourceTree = "<group>"; };
		BE0C376918729F1800027D37 /* en */ = {isa = PBXFileReference; lastKnownFileType = text.plist.strings; name = en; path = en.lproj/InfoPlist.strings; sourceTree = "<group>"; };
		BE0C376B18729F1800027D37 /* BmobSDKTestTests.m */ = {isa = PBXFileReference; lastKnownFileType = sourcecode.c.objc; path = BmobSDKTestTests.m; sourceTree = "<group>"; };
		BE0C377518729F4400027D37 /* libz.dylib */ = {isa = PBXFileReference; lastKnownFileType = "compiled.mach-o.dylib"; name = libz.dylib; path = usr/lib/libz.dylib; sourceTree = SDKROOT; };
		BE0C377718729F4D00027D37 /* SystemConfiguration.framework */ = {isa = PBXFileReference; lastKnownFileType = wrapper.framework; name = SystemConfiguration.framework; path = System/Library/Frameworks/SystemConfiguration.framework; sourceTree = SDKROOT; };
		BE0C377918729F5400027D37 /* CoreTelephony.framework */ = {isa = PBXFileReference; lastKnownFileType = wrapper.framework; name = CoreTelephony.framework; path = System/Library/Frameworks/CoreTelephony.framework; sourceTree = SDKROOT; };
		BE0C377B18729F5A00027D37 /* CFNetwork.framework */ = {isa = PBXFileReference; lastKnownFileType = wrapper.framework; name = CFNetwork.framework; path = System/Library/Frameworks/CFNetwork.framework; sourceTree = SDKROOT; };
		BE0C377D18729F6500027D37 /* MobileCoreServices.framework */ = {isa = PBXFileReference; lastKnownFileType = wrapper.framework; name = MobileCoreServices.framework; path = System/Library/Frameworks/MobileCoreServices.framework; sourceTree = SDKROOT; };
		BE0C377F18729F6C00027D37 /* Security.framework */ = {isa = PBXFileReference; lastKnownFileType = wrapper.framework; name = Security.framework; path = System/Library/Frameworks/Security.framework; sourceTree = SDKROOT; };
		BE0C378118729F7300027D37 /* CoreLocation.framework */ = {isa = PBXFileReference; lastKnownFileType = wrapper.framework; name = CoreLocation.framework; path = System/Library/Frameworks/CoreLocation.framework; sourceTree = SDKROOT; };
		BE0C378318729FB400027D37 /* CreateTableViewController.h */ = {isa = PBXFileReference; fileEncoding = 4; lastKnownFileType = sourcecode.c.h; path = CreateTableViewController.h; sourceTree = "<group>"; };
		BE0C378418729FB400027D37 /* CreateTableViewController.m */ = {isa = PBXFileReference; fileEncoding = 4; lastKnownFileType = sourcecode.c.objc; path = CreateTableViewController.m; sourceTree = "<group>"; };
		BE0C378518729FB400027D37 /* DeleteViewController.h */ = {isa = PBXFileReference; fileEncoding = 4; lastKnownFileType = sourcecode.c.h; path = DeleteViewController.h; sourceTree = "<group>"; };
		BE0C378618729FB400027D37 /* DeleteViewController.m */ = {isa = PBXFileReference; fileEncoding = 4; lastKnownFileType = sourcecode.c.objc; path = DeleteViewController.m; sourceTree = "<group>"; };
		BE0C378718729FB400027D37 /* LoginViewController.h */ = {isa = PBXFileReference; fileEncoding = 4; lastKnownFileType = sourcecode.c.h; path = LoginViewController.h; sourceTree = "<group>"; };
		BE0C378818729FB400027D37 /* LoginViewController.m */ = {isa = PBXFileReference; fileEncoding = 4; lastKnownFileType = sourcecode.c.objc; path = LoginViewController.m; sourceTree = "<group>"; };
		BE0C378918729FB400027D37 /* MainViewController.h */ = {isa = PBXFileReference; fileEncoding = 4; lastKnownFileType = sourcecode.c.h; path = MainViewController.h; sourceTree = "<group>"; };
		BE0C378A18729FB400027D37 /* MainViewController.m */ = {isa = PBXFileReference; fileEncoding = 4; lastKnownFileType = sourcecode.c.objc; path = MainViewController.m; sourceTree = "<group>"; };
		BE0C378B18729FB400027D37 /* MBProgressHUD.h */ = {isa = PBXFileReference; fileEncoding = 4; lastKnownFileType = sourcecode.c.h; path = MBProgressHUD.h; sourceTree = "<group>"; };
		BE0C378C18729FB400027D37 /* MBProgressHUD.m */ = {isa = PBXFileReference; fileEncoding = 4; lastKnownFileType = sourcecode.c.objc; path = MBProgressHUD.m; sourceTree = "<group>"; };
		BE0C378D18729FB400027D37 /* QueryViewController.h */ = {isa = PBXFileReference; fileEncoding = 4; lastKnownFileType = sourcecode.c.h; path = QueryViewController.h; sourceTree = "<group>"; };
		BE0C378E18729FB400027D37 /* QueryViewController.m */ = {isa = PBXFileReference; fileEncoding = 4; lastKnownFileType = sourcecode.c.objc; path = QueryViewController.m; sourceTree = "<group>"; };
		BE0C378F18729FB400027D37 /* SignUpViewController.h */ = {isa = PBXFileReference; fileEncoding = 4; lastKnownFileType = sourcecode.c.h; path = SignUpViewController.h; sourceTree = "<group>"; };
		BE0C379018729FB400027D37 /* SignUpViewController.m */ = {isa = PBXFileReference; fileEncoding = 4; lastKnownFileType = sourcecode.c.objc; path = SignUpViewController.m; sourceTree = "<group>"; };
		BE0C379118729FB400027D37 /* UpdateViewController.h */ = {isa = PBXFileReference; fileEncoding = 4; lastKnownFileType = sourcecode.c.h; path = UpdateViewController.h; sourceTree = "<group>"; };
		BE0C379218729FB400027D37 /* UpdateViewController.m */ = {isa = PBXFileReference; fileEncoding = 4; lastKnownFileType = sourcecode.c.objc; path = UpdateViewController.m; sourceTree = "<group>"; };
		BE0C379E1872A0B900027D37 /* MyBtn.h */ = {isa = PBXFileReference; fileEncoding = 4; lastKnownFileType = sourcecode.c.h; path = MyBtn.h; sourceTree = "<group>"; };
		BE0C379F1872A0B900027D37 /* MyBtn.m */ = {isa = PBXFileReference; fileEncoding = 4; lastKnownFileType = sourcecode.c.objc; path = MyBtn.m; sourceTree = "<group>"; };
		BE0C37A31872A11C00027D37 /* JSONKit.h */ = {isa = PBXFileReference; fileEncoding = 4; lastKnownFileType = sourcecode.c.h; path = JSONKit.h; sourceTree = "<group>"; };
		BE8954D91910A035008F0BAB /* PushViewController.h */ = {isa = PBXFileReference; fileEncoding = 4; lastKnownFileType = sourcecode.c.h; path = PushViewController.h; sourceTree = "<group>"; };
		BE8954DA1910A035008F0BAB /* PushViewController.m */ = {isa = PBXFileReference; fileEncoding = 4; lastKnownFileType = sourcecode.c.objc; path = PushViewController.m; sourceTree = "<group>"; };
		BE8954DC1910DA3B008F0BAB /* BmobSDK.framework */ = {isa = PBXFileReference; lastKnownFileType = wrapper.framework; path = BmobSDK.framework; sourceTree = "<group>"; };
		BE99E24818EE85530094FEF0 /* cs.txt */ = {isa = PBXFileReference; fileEncoding = 4; lastKnownFileType = text; path = cs.txt; sourceTree = "<group>"; };
/* End PBXFileReference section */

/* Begin PBXFrameworksBuildPhase section */
		BE0C374018729F1700027D37 /* Frameworks */ = {
			isa = PBXFrameworksBuildPhase;
			buildActionMask = 2147483647;
			files = (
				BE0C374718729F1700027D37 /* Foundation.framework in Frameworks */,
				BE0C374B18729F1700027D37 /* UIKit.framework in Frameworks */,
				BE0C378218729F7300027D37 /* CoreLocation.framework in Frameworks */,
				BE0C378018729F6C00027D37 /* Security.framework in Frameworks */,
				BE0C377E18729F6500027D37 /* MobileCoreServices.framework in Frameworks */,
				BE0C377C18729F5B00027D37 /* CFNetwork.framework in Frameworks */,
				BE0C377A18729F5400027D37 /* CoreTelephony.framework in Frameworks */,
				BE0C377818729F4D00027D37 /* SystemConfiguration.framework in Frameworks */,
				BE0C377618729F4400027D37 /* libz.dylib in Frameworks */,
				BE0C374918729F1700027D37 /* CoreGraphics.framework in Frameworks */,
				BE8954DD1910DA3B008F0BAB /* BmobSDK.framework in Frameworks */,
			);
			runOnlyForDeploymentPostprocessing = 0;
		};
		BE0C375B18729F1800027D37 /* Frameworks */ = {
			isa = PBXFrameworksBuildPhase;
			buildActionMask = 2147483647;
			files = (
				BE0C376018729F1800027D37 /* XCTest.framework in Frameworks */,
				BE0C376218729F1800027D37 /* UIKit.framework in Frameworks */,
				BE0C376118729F1800027D37 /* Foundation.framework in Frameworks */,
			);
			runOnlyForDeploymentPostprocessing = 0;
		};
/* End PBXFrameworksBuildPhase section */

/* Begin PBXGroup section */
		BE0C373A18729F1700027D37 = {
			isa = PBXGroup;
			children = (
				BE0C374C18729F1700027D37 /* BmobSDKTest */,
				BE0C376518729F1800027D37 /* BmobSDKTestTests */,
				BE0C374518729F1700027D37 /* Frameworks */,
				BE0C374418729F1700027D37 /* Products */,
			);
			sourceTree = "<group>";
		};
		BE0C374418729F1700027D37 /* Products */ = {
			isa = PBXGroup;
			children = (
				BE0C374318729F1700027D37 /* BmobSDKTest.app */,
				BE0C375E18729F1800027D37 /* BmobSDKTestTests.xctest */,
			);
			name = Products;
			sourceTree = "<group>";
		};
		BE0C374518729F1700027D37 /* Frameworks */ = {
			isa = PBXGroup;
			children = (
				BE8954DC1910DA3B008F0BAB /* BmobSDK.framework */,
				BE0C378118729F7300027D37 /* CoreLocation.framework */,
				BE0C377F18729F6C00027D37 /* Security.framework */,
				BE0C377D18729F6500027D37 /* MobileCoreServices.framework */,
				BE0C377B18729F5A00027D37 /* CFNetwork.framework */,
				BE0C377918729F5400027D37 /* CoreTelephony.framework */,
				BE0C377718729F4D00027D37 /* SystemConfiguration.framework */,
				BE0C377518729F4400027D37 /* libz.dylib */,
				BE0C374618729F1700027D37 /* Foundation.framework */,
				BE0C374818729F1700027D37 /* CoreGraphics.framework */,
				BE0C374A18729F1700027D37 /* UIKit.framework */,
				BE0C375F18729F1800027D37 /* XCTest.framework */,
			);
			name = Frameworks;
			sourceTree = "<group>";
		};
		BE0C374C18729F1700027D37 /* BmobSDKTest */ = {
			isa = PBXGroup;
			children = (
				BE0C375518729F1700027D37 /* AppDelegate.h */,
				BE0C375618729F1700027D37 /* AppDelegate.m */,
				BE0C375818729F1700027D37 /* Images.xcassets */,
				BE0C378918729FB400027D37 /* MainViewController.h */,
				BE0C378A18729FB400027D37 /* MainViewController.m */,
				BE0C378318729FB400027D37 /* CreateTableViewController.h */,
				BE0C378418729FB400027D37 /* CreateTableViewController.m */,
				BE0C378518729FB400027D37 /* DeleteViewController.h */,
				BE0C378618729FB400027D37 /* DeleteViewController.m */,
				BE0C378718729FB400027D37 /* LoginViewController.h */,
				BE0C378818729FB400027D37 /* LoginViewController.m */,
				BE0C378D18729FB400027D37 /* QueryViewController.h */,
				BE0C378E18729FB400027D37 /* QueryViewController.m */,
				BE0C378F18729FB400027D37 /* SignUpViewController.h */,
				BE0C379018729FB400027D37 /* SignUpViewController.m */,
				BE0C379118729FB400027D37 /* UpdateViewController.h */,
				BE0C379218729FB400027D37 /* UpdateViewController.m */,
				BE8954D91910A035008F0BAB /* PushViewController.h */,
				BE8954DA1910A035008F0BAB /* PushViewController.m */,
				BE0C378B18729FB400027D37 /* MBProgressHUD.h */,
				BE0C378C18729FB400027D37 /* MBProgressHUD.m */,
				BE0C379E1872A0B900027D37 /* MyBtn.h */,
				BE0C379F1872A0B900027D37 /* MyBtn.m */,
				BE0C37A31872A11C00027D37 /* JSONKit.h */,
				BE0C374D18729F1700027D37 /* Supporting Files */,
			);
			path = BmobSDKTest;
			sourceTree = "<group>";
		};
		BE0C374D18729F1700027D37 /* Supporting Files */ = {
			isa = PBXGroup;
			children = (
				BE99E24818EE85530094FEF0 /* cs.txt */,
				BE0C374E18729F1700027D37 /* BmobSDKTest-Info.plist */,
				BE0C374F18729F1700027D37 /* InfoPlist.strings */,
				BE0C375218729F1700027D37 /* main.m */,
				BE0C375418729F1700027D37 /* BmobSDKTest-Prefix.pch */,
			);
			name = "Supporting Files";
			sourceTree = "<group>";
		};
		BE0C376518729F1800027D37 /* BmobSDKTestTests */ = {
			isa = PBXGroup;
			children = (
				BE0C376B18729F1800027D37 /* BmobSDKTestTests.m */,
				BE0C376618729F1800027D37 /* Supporting Files */,
			);
			path = BmobSDKTestTests;
			sourceTree = "<group>";
		};
		BE0C376618729F1800027D37 /* Supporting Files */ = {
			isa = PBXGroup;
			children = (
				BE0C376718729F1800027D37 /* BmobSDKTestTests-Info.plist */,
				BE0C376818729F1800027D37 /* InfoPlist.strings */,
			);
			name = "Supporting Files";
			sourceTree = "<group>";
		};
/* End PBXGroup section */

/* Begin PBXNativeTarget section */
		BE0C374218729F1700027D37 /* BmobSDKTest */ = {
			isa = PBXNativeTarget;
			buildConfigurationList = BE0C376F18729F1800027D37 /* Build configuration list for PBXNativeTarget "BmobSDKTest" */;
			buildPhases = (
				BE0C373F18729F1700027D37 /* Sources */,
				BE0C374018729F1700027D37 /* Frameworks */,
				BE0C374118729F1700027D37 /* Resources */,
			);
			buildRules = (
			);
			dependencies = (
			);
			name = BmobSDKTest;
			productName = BmobSDKTest;
			productReference = BE0C374318729F1700027D37 /* BmobSDKTest.app */;
			productType = "com.apple.product-type.application";
		};
		BE0C375D18729F1800027D37 /* BmobSDKTestTests */ = {
			isa = PBXNativeTarget;
			buildConfigurationList = BE0C377218729F1800027D37 /* Build configuration list for PBXNativeTarget "BmobSDKTestTests" */;
			buildPhases = (
				BE0C375A18729F1800027D37 /* Sources */,
				BE0C375B18729F1800027D37 /* Frameworks */,
				BE0C375C18729F1800027D37 /* Resources */,
			);
			buildRules = (
			);
			dependencies = (
				BE0C376418729F1800027D37 /* PBXTargetDependency */,
			);
			name = BmobSDKTestTests;
			productName = BmobSDKTestTests;
			productReference = BE0C375E18729F1800027D37 /* BmobSDKTestTests.xctest */;
			productType = "com.apple.product-type.bundle.unit-test";
		};
/* End PBXNativeTarget section */

/* Begin PBXProject section */
		BE0C373B18729F1700027D37 /* Project object */ = {
			isa = PBXProject;
			attributes = {
				LastUpgradeCheck = 0510;
				ORGANIZATIONNAME = bmob;
				TargetAttributes = {
					BE0C375D18729F1800027D37 = {
						TestTargetID = BE0C374218729F1700027D37;
					};
				};
			};
			buildConfigurationList = BE0C373E18729F1700027D37 /* Build configuration list for PBXProject "BmobSDKTest" */;
			compatibilityVersion = "Xcode 3.2";
			developmentRegion = English;
			hasScannedForEncodings = 0;
			knownRegions = (
				en,
			);
			mainGroup = BE0C373A18729F1700027D37;
			productRefGroup = BE0C374418729F1700027D37 /* Products */;
			projectDirPath = "";
			projectRoot = "";
			targets = (
				BE0C374218729F1700027D37 /* BmobSDKTest */,
				BE0C375D18729F1800027D37 /* BmobSDKTestTests */,
			);
		};
/* End PBXProject section */

/* Begin PBXResourcesBuildPhase section */
		BE0C374118729F1700027D37 /* Resources */ = {
			isa = PBXResourcesBuildPhase;
			buildActionMask = 2147483647;
			files = (
				BE0C375118729F1700027D37 /* InfoPlist.strings in Resources */,
				BE0C375918729F1700027D37 /* Images.xcassets in Resources */,
				BE99E24918EE85530094FEF0 /* cs.txt in Resources */,
			);
			runOnlyForDeploymentPostprocessing = 0;
		};
		BE0C375C18729F1800027D37 /* Resources */ = {
			isa = PBXResourcesBuildPhase;
			buildActionMask = 2147483647;
			files = (
				BE0C376A18729F1800027D37 /* InfoPlist.strings in Resources */,
			);
			runOnlyForDeploymentPostprocessing = 0;
		};
/* End PBXResourcesBuildPhase section */

/* Begin PBXSourcesBuildPhase section */
		BE0C373F18729F1700027D37 /* Sources */ = {
			isa = PBXSourcesBuildPhase;
			buildActionMask = 2147483647;
			files = (
				BE0C375718729F1700027D37 /* AppDelegate.m in Sources */,
				BE0C379618729FB400027D37 /* MainViewController.m in Sources */,
				BE8954DB1910A035008F0BAB /* PushViewController.m in Sources */,
				BE0C375318729F1700027D37 /* main.m in Sources */,
				BE0C379318729FB400027D37 /* CreateTableViewController.m in Sources */,
				BE0C379418729FB400027D37 /* DeleteViewController.m in Sources */,
				BE0C379818729FB400027D37 /* QueryViewController.m in Sources */,
				BE0C37A01872A0B900027D37 /* MyBtn.m in Sources */,
				BE0C379518729FB400027D37 /* LoginViewController.m in Sources */,
				BE0C379A18729FB400027D37 /* UpdateViewController.m in Sources */,
				BE0C379718729FB400027D37 /* MBProgressHUD.m in Sources */,
				BE0C379918729FB400027D37 /* SignUpViewController.m in Sources */,
			);
			runOnlyForDeploymentPostprocessing = 0;
		};
		BE0C375A18729F1800027D37 /* Sources */ = {
			isa = PBXSourcesBuildPhase;
			buildActionMask = 2147483647;
			files = (
				BE0C376C18729F1800027D37 /* BmobSDKTestTests.m in Sources */,
			);
			runOnlyForDeploymentPostprocessing = 0;
		};
/* End PBXSourcesBuildPhase section */

/* Begin PBXTargetDependency section */
		BE0C376418729F1800027D37 /* PBXTargetDependency */ = {
			isa = PBXTargetDependency;
			target = BE0C374218729F1700027D37 /* BmobSDKTest */;
			targetProxy = BE0C376318729F1800027D37 /* PBXContainerItemProxy */;
		};
/* End PBXTargetDependency section */

/* Begin PBXVariantGroup section */
		BE0C374F18729F1700027D37 /* InfoPlist.strings */ = {
			isa = PBXVariantGroup;
			children = (
				BE0C375018729F1700027D37 /* en */,
			);
			name = InfoPlist.strings;
			sourceTree = "<group>";
		};
		BE0C376818729F1800027D37 /* InfoPlist.strings */ = {
			isa = PBXVariantGroup;
			children = (
				BE0C376918729F1800027D37 /* en */,
			);
			name = InfoPlist.strings;
			sourceTree = "<group>";
		};
/* End PBXVariantGroup section */

/* Begin XCBuildConfiguration section */
		BE0C376D18729F1800027D37 /* Debug */ = {
			isa = XCBuildConfiguration;
			buildSettings = {
				ALWAYS_SEARCH_USER_PATHS = NO;
				CLANG_CXX_LANGUAGE_STANDARD = "gnu++0x";
				CLANG_CXX_LIBRARY = "libc++";
				CLANG_ENABLE_MODULES = YES;
				CLANG_ENABLE_OBJC_ARC = YES;
				CLANG_WARN_BOOL_CONVERSION = YES;
				CLANG_WARN_CONSTANT_CONVERSION = YES;
				CLANG_WARN_DIRECT_OBJC_ISA_USAGE = YES_ERROR;
				CLANG_WARN_EMPTY_BODY = YES;
				CLANG_WARN_ENUM_CONVERSION = YES;
				CLANG_WARN_INT_CONVERSION = YES;
				CLANG_WARN_OBJC_ROOT_CLASS = YES_ERROR;
				CLANG_WARN__DUPLICATE_METHOD_MATCH = YES;
				"CODE_SIGN_IDENTITY[sdk=iphoneos*]" = "iPhone Developer";
				COPY_PHASE_STRIP = NO;
				GCC_C_LANGUAGE_STANDARD = gnu99;
				GCC_DYNAMIC_NO_PIC = NO;
				GCC_OPTIMIZATION_LEVEL = 0;
				GCC_PREPROCESSOR_DEFINITIONS = (
					"DEBUG=1",
					"$(inherited)",
				);
				GCC_SYMBOLS_PRIVATE_EXTERN = NO;
				GCC_WARN_64_TO_32_BIT_CONVERSION = YES;
				GCC_WARN_ABOUT_RETURN_TYPE = YES_ERROR;
				GCC_WARN_UNDECLARED_SELECTOR = YES;
				GCC_WARN_UNINITIALIZED_AUTOS = YES;
				GCC_WARN_UNUSED_FUNCTION = YES;
				GCC_WARN_UNUSED_VARIABLE = YES;
				IPHONEOS_DEPLOYMENT_TARGET = 5.0;
				ONLY_ACTIVE_ARCH = YES;
				PROVISIONING_PROFILE = "1822CD89-3399-4696-B715-CBAB951936C3";
				SDKROOT = iphoneos;
			};
			name = Debug;
		};
		BE0C376E18729F1800027D37 /* Release */ = {
			isa = XCBuildConfiguration;
			buildSettings = {
				ALWAYS_SEARCH_USER_PATHS = NO;
				CLANG_CXX_LANGUAGE_STANDARD = "gnu++0x";
				CLANG_CXX_LIBRARY = "libc++";
				CLANG_ENABLE_MODULES = YES;
				CLANG_ENABLE_OBJC_ARC = YES;
				CLANG_WARN_BOOL_CONVERSION = YES;
				CLANG_WARN_CONSTANT_CONVERSION = YES;
				CLANG_WARN_DIRECT_OBJC_ISA_USAGE = YES_ERROR;
				CLANG_WARN_EMPTY_BODY = YES;
				CLANG_WARN_ENUM_CONVERSION = YES;
				CLANG_WARN_INT_CONVERSION = YES;
				CLANG_WARN_OBJC_ROOT_CLASS = YES_ERROR;
				CLANG_WARN__DUPLICATE_METHOD_MATCH = YES;
				"CODE_SIGN_IDENTITY[sdk=iphoneos*]" = "iPhone Developer";
				COPY_PHASE_STRIP = YES;
				ENABLE_NS_ASSERTIONS = NO;
				GCC_C_LANGUAGE_STANDARD = gnu99;
				GCC_WARN_64_TO_32_BIT_CONVERSION = YES;
				GCC_WARN_ABOUT_RETURN_TYPE = YES_ERROR;
				GCC_WARN_UNDECLARED_SELECTOR = YES;
				GCC_WARN_UNINITIALIZED_AUTOS = YES;
				GCC_WARN_UNUSED_FUNCTION = YES;
				GCC_WARN_UNUSED_VARIABLE = YES;
				IPHONEOS_DEPLOYMENT_TARGET = 5.0;
				PROVISIONING_PROFILE = "1822CD89-3399-4696-B715-CBAB951936C3";
				SDKROOT = iphoneos;
				VALIDATE_PRODUCT = YES;
			};
			name = Release;
		};
		BE0C377018729F1800027D37 /* Debug */ = {
			isa = XCBuildConfiguration;
			buildSettings = {
				ASSETCATALOG_COMPILER_APPICON_NAME = AppIcon;
				ASSETCATALOG_COMPILER_LAUNCHIMAGE_NAME = LaunchImage;
				CLANG_ENABLE_OBJC_ARC = NO;
				FRAMEWORK_SEARCH_PATHS = (
					"$(inherited)",
					"$(SRCROOT)",
					"$(PROJECT_DIR)",
				);
				GCC_PRECOMPILE_PREFIX_HEADER = YES;
				GCC_PREFIX_HEADER = "BmobSDKTest/BmobSDKTest-Prefix.pch";
				INFOPLIST_FILE = "BmobSDKTest/BmobSDKTest-Info.plist";
				IPHONEOS_DEPLOYMENT_TARGET = 5.1.1;
				PRODUCT_NAME = "$(TARGET_NAME)";
				PROVISIONING_PROFILE = "54BF6E57-30D1-4F56-A051-C21286F74F7D";
				WRAPPER_EXTENSION = app;
			};
			name = Debug;
		};
		BE0C377118729F1800027D37 /* Release */ = {
			isa = XCBuildConfiguration;
			buildSettings = {
				ASSETCATALOG_COMPILER_APPICON_NAME = AppIcon;
				ASSETCATALOG_COMPILER_LAUNCHIMAGE_NAME = LaunchImage;
				CLANG_ENABLE_OBJC_ARC = NO;
				FRAMEWORK_SEARCH_PATHS = (
					"$(inherited)",
					"$(SRCROOT)",
					"$(PROJECT_DIR)",
				);
				GCC_PRECOMPILE_PREFIX_HEADER = YES;
				GCC_PREFIX_HEADER = "BmobSDKTest/BmobSDKTest-Prefix.pch";
				INFOPLIST_FILE = "BmobSDKTest/BmobSDKTest-Info.plist";
				IPHONEOS_DEPLOYMENT_TARGET = 5.1.1;
				PRODUCT_NAME = "$(TARGET_NAME)";
				PROVISIONING_PROFILE = "54BF6E57-30D1-4F56-A051-C21286F74F7D";
				WRAPPER_EXTENSION = app;
			};
			name = Release;
		};
		BE0C377318729F1800027D37 /* Debug */ = {
			isa = XCBuildConfiguration;
			buildSettings = {
				BUNDLE_LOADER = "$(BUILT_PRODUCTS_DIR)/BmobSDKTest.app/BmobSDKTest";
				FRAMEWORK_SEARCH_PATHS = (
					"$(SDKROOT)/Developer/Library/Frameworks",
					"$(inherited)",
					"$(DEVELOPER_FRAMEWORKS_DIR)",
					"$(PROJECT_DIR)",
				);
				GCC_PRECOMPILE_PREFIX_HEADER = YES;
				GCC_PREFIX_HEADER = "BmobSDKTest/BmobSDKTest-Prefix.pch";
				GCC_PREPROCESSOR_DEFINITIONS = (
					"DEBUG=1",
					"$(inherited)",
				);
				INFOPLIST_FILE = "BmobSDKTestTests/BmobSDKTestTests-Info.plist";
				PRODUCT_NAME = "$(TARGET_NAME)";
				TEST_HOST = "$(BUNDLE_LOADER)";
				WRAPPER_EXTENSION = xctest;
			};
			name = Debug;
		};
		BE0C377418729F1800027D37 /* Release */ = {
			isa = XCBuildConfiguration;
			buildSettings = {
				BUNDLE_LOADER = "$(BUILT_PRODUCTS_DIR)/BmobSDKTest.app/BmobSDKTest";
				FRAMEWORK_SEARCH_PATHS = (
					"$(SDKROOT)/Developer/Library/Frameworks",
					"$(inherited)",
					"$(DEVELOPER_FRAMEWORKS_DIR)",
					"$(PROJECT_DIR)",
				);
				GCC_PRECOMPILE_PREFIX_HEADER = YES;
				GCC_PREFIX_HEADER = "BmobSDKTest/BmobSDKTest-Prefix.pch";
				INFOPLIST_FILE = "BmobSDKTestTests/BmobSDKTestTests-Info.plist";
				PRODUCT_NAME = "$(TARGET_NAME)";
				TEST_HOST = "$(BUNDLE_LOADER)";
				WRAPPER_EXTENSION = xctest;
			};
			name = Release;
		};
/* End XCBuildConfiguration section */

/* Begin XCConfigurationList section */
		BE0C373E18729F1700027D37 /* Build configuration list for PBXProject "BmobSDKTest" */ = {
			isa = XCConfigurationList;
			buildConfigurations = (
				BE0C376D18729F1800027D37 /* Debug */,
				BE0C376E18729F1800027D37 /* Release */,
			);
			defaultConfigurationIsVisible = 0;
			defaultConfigurationName = Release;
		};
		BE0C376F18729F1800027D37 /* Build configuration list for PBXNativeTarget "BmobSDKTest" */ = {
			isa = XCConfigurationList;
			buildConfigurations = (
				BE0C377018729F1800027D37 /* Debug */,
				BE0C377118729F1800027D37 /* Release */,
			);
			defaultConfigurationIsVisible = 0;
			defaultConfigurationName = Release;
		};
		BE0C377218729F1800027D37 /* Build configuration list for PBXNativeTarget "BmobSDKTestTests" */ = {
			isa = XCConfigurationList;
			buildConfigurations = (
				BE0C377318729F1800027D37 /* Debug */,
				BE0C377418729F1800027D37 /* Release */,
			);
			defaultConfigurationIsVisible = 0;
			defaultConfigurationName = Release;
		};
/* End XCConfigurationList section */
	};
	rootObject = BE0C373B18729F1700027D37 /* Project object */;
}
